
Microsoft Visual Studio Solution File, Format Version 12.00
# Visual Studio Version 17
VisualStudioVersion = 17.10.35027.167
MinimumVisualStudioVersion = 10.0.40219.1
Project("{FAE04EC0-301F-11D3-BF4B-00C04F79EFBC}") = "Day15", "Day15\Day15.csproj", "{41475803-4B26-4B04-82CA-F63D8E92E2B8}"
EndProject
Global
	GlobalSection(SolutionConfigurationPlatforms) = preSolution
		Debug|Any CPU = Debug|Any CPU
		Release|Any CPU = Release|Any CPU
	EndGlobalSection
	GlobalSection(ProjectConfigurationPlatforms) = postSolution
		{41475803-4B26-4B04-82CA-F63D8E92E2B8}.Debug|Any CPU.ActiveCfg = Debug|Any CPU
		{41475803-4B26-4B04-82CA-F63D8E92E2B8}.Debug|Any CPU.Build.0 = Debug|Any CPU
		{41475803-4B26-4B04-82CA-F63D8E92E2B8}.Release|Any CPU.ActiveCfg = Release|Any CPU
		{41475803-4B26-4B04-82CA-F63D8E92E2B8}.Release|Any CPU.Build.0 = Release|Any CPU
	EndGlobalSection
	GlobalSection(SolutionProperties) = preSolution
		HideSolutionNode = FALSE
	EndGlobalSection
	GlobalSection(ExtensibilityGlobals) = postSolution
		SolutionGuid = {4CD39EF8-2C86-4603-87FA-A2BCA336F2E3}
	EndGlobalSection
EndGlobal
